
Microsoft Visual Studio Solution File, Format Version 11.00
# Visual Studio 2010
Project("{FAE04EC0-301F-11D3-BF4B-00C04F79EFBC}") = "Impressio", "Impressio\Impressio.csproj", "{97FA1D0D-FE7A-4C47-BD25-02603064C14D}"
	ProjectSection(ProjectDependencies) = postProject
		{BC8254A1-A248-4BA5-A6FD-3E8E733D3850} = {BC8254A1-A248-4BA5-A6FD-3E8E733D3850}
	EndProjectSection
EndProject
Project("{54435603-DBB4-11D2-8724-00A0C9A8B90C}") = "ImpressioSetup", "ImpressioSetup\ImpressioSetup.vdproj", "{D55E6405-CDF0-4AF2-A6DD-F7011E0BE043}"
EndProject
Project("{FAE04EC0-301F-11D3-BF4B-00C04F79EFBC}") = "Subvento", "Subvento\Subvento.csproj", "{BC8254A1-A248-4BA5-A6FD-3E8E733D3850}"
EndProject
Global
	GlobalSection(SolutionConfigurationPlatforms) = preSolution
		CD_ROM|Any CPU = CD_ROM|Any CPU
		CD_ROM|Mixed Platforms = CD_ROM|Mixed Platforms
		CD_ROM|x86 = CD_ROM|x86
		Debug|Any CPU = Debug|Any CPU
		Debug|Mixed Platforms = Debug|Mixed Platforms
		Debug|x86 = Debug|x86
		DVD-5|Any CPU = DVD-5|Any CPU
		DVD-5|Mixed Platforms = DVD-5|Mixed Platforms
		DVD-5|x86 = DVD-5|x86
		Release|Any CPU = Release|Any CPU
		Release|Mixed Platforms = Release|Mixed Platforms
		Release|x86 = Release|x86
		SingleImage|Any CPU = SingleImage|Any CPU
		SingleImage|Mixed Platforms = SingleImage|Mixed Platforms
		SingleImage|x86 = SingleImage|x86
	EndGlobalSection
	GlobalSection(ProjectConfigurationPlatforms) = postSolution
		{97FA1D0D-FE7A-4C47-BD25-02603064C14D}.CD_ROM|Any CPU.ActiveCfg = Release|x86
		{97FA1D0D-FE7A-4C47-BD25-02603064C14D}.CD_ROM|Mixed Platforms.ActiveCfg = Release|x86
		{97FA1D0D-FE7A-4C47-BD25-02603064C14D}.CD_ROM|Mixed Platforms.Build.0 = Release|x86
		{97FA1D0D-FE7A-4C47-BD25-02603064C14D}.CD_ROM|x86.ActiveCfg = Release|x86
		{97FA1D0D-FE7A-4C47-BD25-02603064C14D}.CD_ROM|x86.Build.0 = Release|x86
		{97FA1D0D-FE7A-4C47-BD25-02603064C14D}.Debug|Any CPU.ActiveCfg = Debug|x86
		{97FA1D0D-FE7A-4C47-BD25-02603064C14D}.Debug|Mixed Platforms.ActiveCfg = Release|x86
		{97FA1D0D-FE7A-4C47-BD25-02603064C14D}.Debug|Mixed Platforms.Build.0 = Release|x86
		{97FA1D0D-FE7A-4C47-BD25-02603064C14D}.Debug|x86.ActiveCfg = Debug|x86
		{97FA1D0D-FE7A-4C47-BD25-02603064C14D}.Debug|x86.Build.0 = Debug|x86
		{97FA1D0D-FE7A-4C47-BD25-02603064C14D}.DVD-5|Any CPU.ActiveCfg = Debug|x86
		{97FA1D0D-FE7A-4C47-BD25-02603064C14D}.DVD-5|Mixed Platforms.ActiveCfg = Debug|x86
		{97FA1D0D-FE7A-4C47-BD25-02603064C14D}.DVD-5|Mixed Platforms.Build.0 = Debug|x86
		{97FA1D0D-FE7A-4C47-BD25-02603064C14D}.DVD-5|x86.ActiveCfg = Debug|x86
		{97FA1D0D-FE7A-4C47-BD25-02603064C14D}.DVD-5|x86.Build.0 = Debug|x86
		{97FA1D0D-FE7A-4C47-BD25-02603064C14D}.Release|Any CPU.ActiveCfg = Release|x86
		{97FA1D0D-FE7A-4C47-BD25-02603064C14D}.Release|Any CPU.Build.0 = Release|x86
		{97FA1D0D-FE7A-4C47-BD25-02603064C14D}.Release|Mixed Platforms.ActiveCfg = Release|x86
		{97FA1D0D-FE7A-4C47-BD25-02603064C14D}.Release|Mixed Platforms.Build.0 = Release|x86
		{97FA1D0D-FE7A-4C47-BD25-02603064C14D}.Release|x86.ActiveCfg = Release|x86
		{97FA1D0D-FE7A-4C47-BD25-02603064C14D}.Release|x86.Build.0 = Release|x86
		{97FA1D0D-FE7A-4C47-BD25-02603064C14D}.SingleImage|Any CPU.ActiveCfg = Release|x86
		{97FA1D0D-FE7A-4C47-BD25-02603064C14D}.SingleImage|Mixed Platforms.ActiveCfg = Release|x86
		{97FA1D0D-FE7A-4C47-BD25-02603064C14D}.SingleImage|Mixed Platforms.Build.0 = Release|x86
		{97FA1D0D-FE7A-4C47-BD25-02603064C14D}.SingleImage|x86.ActiveCfg = Release|x86
		{97FA1D0D-FE7A-4C47-BD25-02603064C14D}.SingleImage|x86.Build.0 = Release|x86
		{D55E6405-CDF0-4AF2-A6DD-F7011E0BE043}.CD_ROM|Any CPU.ActiveCfg = Release
		{D55E6405-CDF0-4AF2-A6DD-F7011E0BE043}.CD_ROM|Mixed Platforms.ActiveCfg = Release
		{D55E6405-CDF0-4AF2-A6DD-F7011E0BE043}.CD_ROM|x86.ActiveCfg = Release
		{D55E6405-CDF0-4AF2-A6DD-F7011E0BE043}.Debug|Any CPU.ActiveCfg = Debug
		{D55E6405-CDF0-4AF2-A6DD-F7011E0BE043}.Debug|Mixed Platforms.ActiveCfg = Debug
		{D55E6405-CDF0-4AF2-A6DD-F7011E0BE043}.Debug|x86.ActiveCfg = Debug
		{D55E6405-CDF0-4AF2-A6DD-F7011E0BE043}.DVD-5|Any CPU.ActiveCfg = Debug
		{D55E6405-CDF0-4AF2-A6DD-F7011E0BE043}.DVD-5|Mixed Platforms.ActiveCfg = Debug
		{D55E6405-CDF0-4AF2-A6DD-F7011E0BE043}.DVD-5|x86.ActiveCfg = Debug
		{D55E6405-CDF0-4AF2-A6DD-F7011E0BE043}.Release|Any CPU.ActiveCfg = Release
		{D55E6405-CDF0-4AF2-A6DD-F7011E0BE043}.Release|Mixed Platforms.ActiveCfg = Release
		{D55E6405-CDF0-4AF2-A6DD-F7011E0BE043}.Release|x86.ActiveCfg = Release
		{D55E6405-CDF0-4AF2-A6DD-F7011E0BE043}.SingleImage|Any CPU.ActiveCfg = Release
		{D55E6405-CDF0-4AF2-A6DD-F7011E0BE043}.SingleImage|Mixed Platforms.ActiveCfg = Release
		{D55E6405-CDF0-4AF2-A6DD-F7011E0BE043}.SingleImage|x86.ActiveCfg = Release
		{BC8254A1-A248-4BA5-A6FD-3E8E733D3850}.CD_ROM|Any CPU.ActiveCfg = Release|Any CPU
		{BC8254A1-A248-4BA5-A6FD-3E8E733D3850}.CD_ROM|Any CPU.Build.0 = Release|Any CPU
		{BC8254A1-A248-4BA5-A6FD-3E8E733D3850}.CD_ROM|Mixed Platforms.ActiveCfg = Release|Any CPU
		{BC8254A1-A248-4BA5-A6FD-3E8E733D3850}.CD_ROM|Mixed Platforms.Build.0 = Release|Any CPU
		{BC8254A1-A248-4BA5-A6FD-3E8E733D3850}.CD_ROM|x86.ActiveCfg = Release|Any CPU
		{BC8254A1-A248-4BA5-A6FD-3E8E733D3850}.Debug|Any CPU.ActiveCfg = Debug|Any CPU
		{BC8254A1-A248-4BA5-A6FD-3E8E733D3850}.Debug|Any CPU.Build.0 = Debug|Any CPU
		{BC8254A1-A248-4BA5-A6FD-3E8E733D3850}.Debug|Mixed Platforms.ActiveCfg = Debug|Any CPU
		{BC8254A1-A248-4BA5-A6FD-3E8E733D3850}.Debug|Mixed Platforms.Build.0 = Debug|Any CPU
		{BC8254A1-A248-4BA5-A6FD-3E8E733D3850}.Debug|x86.ActiveCfg = Debug|Any CPU
		{BC8254A1-A248-4BA5-A6FD-3E8E733D3850}.DVD-5|Any CPU.ActiveCfg = Debug|Any CPU
		{BC8254A1-A248-4BA5-A6FD-3E8E733D3850}.DVD-5|Any CPU.Build.0 = Debug|Any CPU
		{BC8254A1-A248-4BA5-A6FD-3E8E733D3850}.DVD-5|Mixed Platforms.ActiveCfg = Debug|Any CPU
		{BC8254A1-A248-4BA5-A6FD-3E8E733D3850}.DVD-5|Mixed Platforms.Build.0 = Debug|Any CPU
		{BC8254A1-A248-4BA5-A6FD-3E8E733D3850}.DVD-5|x86.ActiveCfg = Debug|Any CPU
		{BC8254A1-A248-4BA5-A6FD-3E8E733D3850}.Release|Any CPU.ActiveCfg = Release|Any CPU
		{BC8254A1-A248-4BA5-A6FD-3E8E733D3850}.Release|Any CPU.Build.0 = Release|Any CPU
		{BC8254A1-A248-4BA5-A6FD-3E8E733D3850}.Release|Mixed Platforms.ActiveCfg = Release|Any CPU
		{BC8254A1-A248-4BA5-A6FD-3E8E733D3850}.Release|Mixed Platforms.Build.0 = Release|Any CPU
		{BC8254A1-A248-4BA5-A6FD-3E8E733D3850}.Release|x86.ActiveCfg = Release|Any CPU
		{BC8254A1-A248-4BA5-A6FD-3E8E733D3850}.Release|x86.Build.0 = Release|Any CPU
		{BC8254A1-A248-4BA5-A6FD-3E8E733D3850}.SingleImage|Any CPU.ActiveCfg = Release|Any CPU
		{BC8254A1-A248-4BA5-A6FD-3E8E733D3850}.SingleImage|Any CPU.Build.0 = Release|Any CPU
		{BC8254A1-A248-4BA5-A6FD-3E8E733D3850}.SingleImage|Mixed Platforms.ActiveCfg = Release|Any CPU
		{BC8254A1-A248-4BA5-A6FD-3E8E733D3850}.SingleImage|Mixed Platforms.Build.0 = Release|Any CPU
		{BC8254A1-A248-4BA5-A6FD-3E8E733D3850}.SingleImage|x86.ActiveCfg = Release|Any CPU
	EndGlobalSection
	GlobalSection(SolutionProperties) = preSolution
		HideSolutionNode = FALSE
	EndGlobalSection
EndGlobal
